hash: 256a6a34d6d4d7d0456c412d0dd83360b50b6cee9fe37c0c7a60db20401d4a46
updated: 2019-04-01T16:39:46.808561054+02:00
imports:
- name: github.com/apache/thrift
  version: 17fa32f27556af3893beee9e1c364a4d997b3cbf
  subpackages:
  - lib/go/thrift
- name: github.com/beorn7/perks
  version: 4c0e84591b9aa9e6dcfdf3e020114cd81f89d5f9
  subpackages:
  - quantile
- name: github.com/coreos/go-oidc
  version: f427f54ef96beaa1db5fabbe4fff00de535d5494
  subpackages:
  - http
  - jose
  - key
  - oauth2
  - oidc
- name: github.com/coreos/go-systemd
  version: 7b2428fec40033549c68f54e26e89e7ca9a9ce31
  subpackages:
  - journal
- name: github.com/coreos/goproxy
  version: 25fe2597a3d151ba954d9b3c0fd4663e79de48cc
- name: github.com/coreos/pkg
  version: 1914e367e85eaf0c25d495b48e060dfe6190f8d0
  subpackages:
  - capnslog
  - health
  - httputil
  - timeutil
- name: github.com/davecgh/go-spew
  version: 5215b55f46b2b919f50a1df0eaa5886afe4e3b3d
  subpackages:
  - spew
- name: github.com/golang/protobuf
  version: 8616e8ee5e20a1704615e6c8d7afcdac06087a67
  subpackages:
  - proto
- name: github.com/gregjones/httpcache
  version: 4b02602f71f4346dfbd3ef8f4d15cc2a318b32c1
- name: github.com/hashicorp/golang-lru
  version: a0d98a5f288019575c6d1f4bb1573fef2d1fcdc4
  subpackages:
  - simplelru
- name: github.com/jonboulle/clockwork
  version: ed104f61ea4877bea08af6f759805674861e968d
- name: github.com/matttproud/golang_protobuf_extensions
  version: c12348ce28de40eed0136aa2b644d0ee0650e56c
  subpackages:
  - pbutil
- name: github.com/patrickmn/go-cache
  version: a3647f8e31d79543b2d0f0ae2fe5c379d72cedc0
- name: github.com/pmezard/go-difflib
  version: 792786c7400a136282c1664665ae0a8db921c6c2
  subpackages:
  - difflib
- name: github.com/prometheus/client_golang
  version: c5b7fccd204277076155f10851dad72b76a49317
  subpackages:
  - prometheus
  - prometheus/promhttp
- name: github.com/prometheus/client_model
  version: 6f3806018612930941127f2a7c6c453ba2c527d2
  subpackages:
  - go
- name: github.com/prometheus/common
  version: 49fee292b27bfff7f354ee0f64e1bc4850462edf
  subpackages:
  - expfmt
  - internal/bitbucket.org/ww/goautoneg
  - model
- name: github.com/prometheus/procfs
  version: a1dba9ce8baed984a2495b658c82687f8157b98f
  subpackages:
  - xfs
- name: github.com/Sirupsen/logrus
  version: ba1b36c82c5e05c4f912a88eab0dcd91a171688f
- name: github.com/stretchr/testify
  version: c5d7a69bf8a2c9c374798160849c071093e41dd1
  subpackages:
  - assert
- name: github.com/tylerb/graceful
  version: 4654dfbb6ad53cb5e27f37d99b02e16c1872fbbb
- name: go.opencensus.io
  version: 3b8e2721f2c3c01fa1bf4a2e455874e7b8319cd7
  subpackages:
  - examples/exporter
  - exemplar
  - exporter/jaeger
  - exporter/jaeger/internal/gen-go/jaeger
  - exporter/prometheus
  - internal
  - internal/tagencoding
  - plugin/ochttp
  - plugin/ochttp/propagation/b3
  - stats
  - stats/internal
  - stats/view
  - tag
  - trace
  - trace/internal
  - trace/propagation
  - trace/tracestate
- name: golang.org/x/net
  version: 024ed629fd292398cfd43c9678a5bf004f7defdc
  subpackages:
  - netutil
- name: golang.org/x/sync
  version: 37e7f081c4d4c64e13b10787722085407fe5d15f
  subpackages:
  - semaphore
- name: golang.org/x/sys
  version: a60af9cbbc6ab800af4f2be864a31f423a0ae1f2
  subpackages:
  - unix
- name: google.golang.org/api
  version: bce707a4d0ea3488942724b3bcc1c8338f38f991
  subpackages:
  - support/bundler
- name: gopkg.in/square/go-jose.v2
  version: 77e6c51d4de65c9a8d5a27a99e0e2721b12f1a2c
  subpackages:
  - cipher
  - json
- name: gopkg.in/yaml.v2
  version: a83829b6f1293c91addabc89d0571c246397bbf4
testImports: []
